
Microsoft Visual Studio Solution File, Format Version 12.00
# Visual Studio Version 17
VisualStudioVersion = 17.3.32922.545
MinimumVisualStudioVersion = 10.0.40219.1
Project("{9A19103F-16F7-4668-BE54-9A1E7A4F7556}") = "BlazingDocumentor", "BlazingDocumentor\BlazingDocumentor\BlazingDocumentor.csproj", "{EC4D04C2-6897-40DE-93DD-DD2FC39F6E87}"
EndProject
Project("{9A19103F-16F7-4668-BE54-9A1E7A4F7556}") = "BlazingDocumentor.CodeFixes", "BlazingDocumentor\BlazingDocumentor.CodeFixes\BlazingDocumentor.CodeFixes.csproj", "{C5FF8311-420B-4718-8522-28C5C531043D}"
EndProject
Project("{9A19103F-16F7-4668-BE54-9A1E7A4F7556}") = "BlazingDocumentor.Package", "BlazingDocumentor\BlazingDocumentor.Package\BlazingDocumentor.Package.csproj", "{7C4F67B8-8BA9-4259-879B-6BCFD01B17CE}"
EndProject
Project("{9A19103F-16F7-4668-BE54-9A1E7A4F7556}") = "BlazingDocumentor.Test", "BlazingDocumentor\BlazingDocumentor.Test\BlazingDocumentor.Test.csproj", "{AD726B8A-7220-49C2-8A5A-2DD93B1AD97E}"
EndProject
Project("{FAE04EC0-301F-11D3-BF4B-00C04F79EFBC}") = "BlazingDocumentor.Vsix", "BlazingDocumentor\BlazingDocumentor.Vsix\BlazingDocumentor.Vsix.csproj", "{7D5E6494-15BD-40B5-97ED-8AEB1A4E7E3B}"
EndProject
Global
	GlobalSection(SolutionConfigurationPlatforms) = preSolution
		Debug|Any CPU = Debug|Any CPU
		Release|Any CPU = Release|Any CPU
	EndGlobalSection
	GlobalSection(ProjectConfigurationPlatforms) = postSolution
		{EC4D04C2-6897-40DE-93DD-DD2FC39F6E87}.Debug|Any CPU.ActiveCfg = Debug|Any CPU
		{EC4D04C2-6897-40DE-93DD-DD2FC39F6E87}.Debug|Any CPU.Build.0 = Debug|Any CPU
		{EC4D04C2-6897-40DE-93DD-DD2FC39F6E87}.Release|Any CPU.ActiveCfg = Release|Any CPU
		{EC4D04C2-6897-40DE-93DD-DD2FC39F6E87}.Release|Any CPU.Build.0 = Release|Any CPU
		{C5FF8311-420B-4718-8522-28C5C531043D}.Debug|Any CPU.ActiveCfg = Debug|Any CPU
		{C5FF8311-420B-4718-8522-28C5C531043D}.Debug|Any CPU.Build.0 = Debug|Any CPU
		{C5FF8311-420B-4718-8522-28C5C531043D}.Release|Any CPU.ActiveCfg = Release|Any CPU
		{C5FF8311-420B-4718-8522-28C5C531043D}.Release|Any CPU.Build.0 = Release|Any CPU
		{7C4F67B8-8BA9-4259-879B-6BCFD01B17CE}.Debug|Any CPU.ActiveCfg = Debug|Any CPU
		{7C4F67B8-8BA9-4259-879B-6BCFD01B17CE}.Debug|Any CPU.Build.0 = Debug|Any CPU
		{7C4F67B8-8BA9-4259-879B-6BCFD01B17CE}.Release|Any CPU.ActiveCfg = Release|Any CPU
		{7C4F67B8-8BA9-4259-879B-6BCFD01B17CE}.Release|Any CPU.Build.0 = Release|Any CPU
		{AD726B8A-7220-49C2-8A5A-2DD93B1AD97E}.Debug|Any CPU.ActiveCfg = Debug|Any CPU
		{AD726B8A-7220-49C2-8A5A-2DD93B1AD97E}.Debug|Any CPU.Build.0 = Debug|Any CPU
		{AD726B8A-7220-49C2-8A5A-2DD93B1AD97E}.Release|Any CPU.ActiveCfg = Release|Any CPU
		{AD726B8A-7220-49C2-8A5A-2DD93B1AD97E}.Release|Any CPU.Build.0 = Release|Any CPU
		{7D5E6494-15BD-40B5-97ED-8AEB1A4E7E3B}.Debug|Any CPU.ActiveCfg = Debug|Any CPU
		{7D5E6494-15BD-40B5-97ED-8AEB1A4E7E3B}.Debug|Any CPU.Build.0 = Debug|Any CPU
		{7D5E6494-15BD-40B5-97ED-8AEB1A4E7E3B}.Release|Any CPU.ActiveCfg = Release|Any CPU
		{7D5E6494-15BD-40B5-97ED-8AEB1A4E7E3B}.Release|Any CPU.Build.0 = Release|Any CPU
	EndGlobalSection
	GlobalSection(SolutionProperties) = preSolution
		HideSolutionNode = FALSE
	EndGlobalSection
	GlobalSection(ExtensibilityGlobals) = postSolution
		SolutionGuid = {218C3DCB-20D5-43CA-A0CC-8AD21F9EDA1E}
	EndGlobalSection
EndGlobal
